
Microsoft Visual Studio Solution File, Format Version 12.00
# Visual Studio Version 17
VisualStudioVersion = 17.4.33110.190
MinimumVisualStudioVersion = 10.0.40219.1
Project("{9A19103F-16F7-4668-BE54-9A1E7A4F7556}") = "ConsoleUI", "ConsoleUI.csproj", "{D6E617FF-B509-4220-B817-8660DF23E580}"
EndProject
Project("{9A19103F-16F7-4668-BE54-9A1E7A4F7556}") = "CalculateHoursForWorkLibrary", "..\CalculateHoursForWorkLibrary\CalculateHoursForWorkLibrary.csproj", "{06846DD4-3279-449C-949F-A28FF30BD68A}"
EndProject
Project("{FAE04EC0-301F-11D3-BF4B-00C04F79EFBC}") = "FakeDBLibrary", "..\FakeDBLibrary\FakeDBLibrary.csproj", "{87D6F7A1-E6B3-457B-9434-B52582EA0A92}"
EndProject
Global
	GlobalSection(SolutionConfigurationPlatforms) = preSolution
		Debug|Any CPU = Debug|Any CPU
		Release|Any CPU = Release|Any CPU
	EndGlobalSection
	GlobalSection(ProjectConfigurationPlatforms) = postSolution
		{D6E617FF-B509-4220-B817-8660DF23E580}.Debug|Any CPU.ActiveCfg = Debug|Any CPU
		{D6E617FF-B509-4220-B817-8660DF23E580}.Debug|Any CPU.Build.0 = Debug|Any CPU
		{D6E617FF-B509-4220-B817-8660DF23E580}.Release|Any CPU.ActiveCfg = Release|Any CPU
		{D6E617FF-B509-4220-B817-8660DF23E580}.Release|Any CPU.Build.0 = Release|Any CPU
		{06846DD4-3279-449C-949F-A28FF30BD68A}.Debug|Any CPU.ActiveCfg = Debug|Any CPU
		{06846DD4-3279-449C-949F-A28FF30BD68A}.Debug|Any CPU.Build.0 = Debug|Any CPU
		{06846DD4-3279-449C-949F-A28FF30BD68A}.Release|Any CPU.ActiveCfg = Release|Any CPU
		{06846DD4-3279-449C-949F-A28FF30BD68A}.Release|Any CPU.Build.0 = Release|Any CPU
		{87D6F7A1-E6B3-457B-9434-B52582EA0A92}.Debug|Any CPU.ActiveCfg = Debug|Any CPU
		{87D6F7A1-E6B3-457B-9434-B52582EA0A92}.Debug|Any CPU.Build.0 = Debug|Any CPU
		{87D6F7A1-E6B3-457B-9434-B52582EA0A92}.Release|Any CPU.ActiveCfg = Release|Any CPU
		{87D6F7A1-E6B3-457B-9434-B52582EA0A92}.Release|Any CPU.Build.0 = Release|Any CPU
	EndGlobalSection
	GlobalSection(SolutionProperties) = preSolution
		HideSolutionNode = FALSE
	EndGlobalSection
	GlobalSection(ExtensibilityGlobals) = postSolution
		SolutionGuid = {258C558E-C305-4456-805E-DE06ECCA3E40}
	EndGlobalSection
EndGlobal
